{
  "nodes": {
    "nixpkgs": {
      "locked": {
        "lastModified": 1697253711,
        "narHash": "sha256-j4G8snWGU7pkkQ9SBVYj+HgK1LCGcJfPkbMu6YQBzkE=",
        "owner": "ninjapanzer",
        "repo": "nixpkgs",
        "rev": "c84d406c951a8fc4ea746a683398335aaea86453",
        "type": "github"
      },
      "original": {
        "owner": "ninjapanzer",
        "repo": "nixpkgs",
        "rev": "c84d406c951a8fc4ea746a683398335aaea86453",
        "type": "github"
      }
    },
    "root": {
      "inputs": {
        "nixpkgs": "nixpkgs"
      }
    }
  },
  "root": "root",
  "version": 7
}
